github.com/a-h/templ v0.2.639 h1:iNyjh6gllEshVDcj3taqtz7dltPKBtncvP+M8HNGdGQ=
github.com/a-h/templ v0.2.639/go.mod h1:SA7mtYwVEajbIXFRh3vKdYm/4FYyLQAtPH1+KxzGPA8=
github.com/go-chi/chi v1.5.5 h1:vOB/HbEMt9QqBqErz07QehcOKHaWFtuj87tTDVz2qXE=
github.com/go-chi/chi v1.5.5/go.mod h1:C9JqLr3tIYjDOZpzn+BCuxY8z8vmca43EeMgyZt7irw=
github.com/go-chi/chi/v5 v5.0.12 h1:9euLV5sTrTNTRUU9POmDUvfxyj6LAABLUcEWO+JJb4s=
github.com/go-chi/chi/v5 v5.0.12/go.mod h1:DslCQbL2OYiznFReuXYUmQ2hGd1aDpCnlMNITLSKoi8=
